
Microsoft Visual Studio Solution File, Format Version 12.00
# Visual Studio for Mac
Project("{FAE04EC0-301F-11D3-BF4B-00C04F79EFBC}") = "2.5DShooterDemo", "2.5DShooterDemo.csproj", "{783EC938-D151-AC83-0B0A-B1F748B3739A}"
EndProject
Global
	GlobalSection(SolutionConfigurationPlatforms) = preSolution
		Debug|Any CPU = Debug|Any CPU
		Release|Any CPU = Release|Any CPU
	EndGlobalSection
	GlobalSection(ProjectConfigurationPlatforms) = postSolution
		{783EC938-D151-AC83-0B0A-B1F748B3739A}.Debug|Any CPU.ActiveCfg = Debug|Any CPU
		{783EC938-D151-AC83-0B0A-B1F748B3739A}.Debug|Any CPU.Build.0 = Debug|Any CPU
		{783EC938-D151-AC83-0B0A-B1F748B3739A}.Release|Any CPU.ActiveCfg = Release|Any CPU
		{783EC938-D151-AC83-0B0A-B1F748B3739A}.Release|Any CPU.Build.0 = Release|Any CPU
	EndGlobalSection
	GlobalSection(SolutionProperties) = preSolution
		HideSolutionNode = FALSE
	EndGlobalSection
EndGlobal
